
Microsoft Visual Studio Solution File, Format Version 12.00
# Visual Studio Version 17
VisualStudioVersion = 17.10.35122.118
MinimumVisualStudioVersion = 10.0.40219.1
Project("{9A19103F-16F7-4668-BE54-9A1E7A4F7556}") = "UniverseApp", "UniverseApp\UniverseApp.csproj", "{63BCF352-094C-4446-A23A-813783A5C52E}"
EndProject
Project("{9A19103F-16F7-4668-BE54-9A1E7A4F7556}") = "UniverseApp.Core", "UniverseApp.Core\UniverseApp.Core.csproj", "{18F6EF45-F66E-469C-ACEF-0225F51689A0}"
EndProject
Project("{9A19103F-16F7-4668-BE54-9A1E7A4F7556}") = "UniverseApp.Infrastructure", "UniverseApp.Infrastructure\UniverseApp.Infrastructure.csproj", "{E45DCF7C-7F25-450E-A7BD-634E90A0DBC6}"
EndProject
Project("{FAE04EC0-301F-11D3-BF4B-00C04F79EFBC}") = "UniverseApp.Core.Tests", "UniverseApp.Core.Tests\UniverseApp.Core.Tests.csproj", "{FC288EED-A0FD-4AFC-ACBE-28A096C8DAC9}"
EndProject
Global
	GlobalSection(SolutionConfigurationPlatforms) = preSolution
		Debug|Any CPU = Debug|Any CPU
		Release|Any CPU = Release|Any CPU
	EndGlobalSection
	GlobalSection(ProjectConfigurationPlatforms) = postSolution
		{63BCF352-094C-4446-A23A-813783A5C52E}.Debug|Any CPU.ActiveCfg = Debug|Any CPU
		{63BCF352-094C-4446-A23A-813783A5C52E}.Debug|Any CPU.Build.0 = Debug|Any CPU
		{63BCF352-094C-4446-A23A-813783A5C52E}.Release|Any CPU.ActiveCfg = Release|Any CPU
		{63BCF352-094C-4446-A23A-813783A5C52E}.Release|Any CPU.Build.0 = Release|Any CPU
		{18F6EF45-F66E-469C-ACEF-0225F51689A0}.Debug|Any CPU.ActiveCfg = Debug|Any CPU
		{18F6EF45-F66E-469C-ACEF-0225F51689A0}.Debug|Any CPU.Build.0 = Debug|Any CPU
		{18F6EF45-F66E-469C-ACEF-0225F51689A0}.Release|Any CPU.ActiveCfg = Release|Any CPU
		{18F6EF45-F66E-469C-ACEF-0225F51689A0}.Release|Any CPU.Build.0 = Release|Any CPU
		{E45DCF7C-7F25-450E-A7BD-634E90A0DBC6}.Debug|Any CPU.ActiveCfg = Debug|Any CPU
		{E45DCF7C-7F25-450E-A7BD-634E90A0DBC6}.Debug|Any CPU.Build.0 = Debug|Any CPU
		{E45DCF7C-7F25-450E-A7BD-634E90A0DBC6}.Release|Any CPU.ActiveCfg = Release|Any CPU
		{E45DCF7C-7F25-450E-A7BD-634E90A0DBC6}.Release|Any CPU.Build.0 = Release|Any CPU
		{FC288EED-A0FD-4AFC-ACBE-28A096C8DAC9}.Debug|Any CPU.ActiveCfg = Debug|Any CPU
		{FC288EED-A0FD-4AFC-ACBE-28A096C8DAC9}.Debug|Any CPU.Build.0 = Debug|Any CPU
		{FC288EED-A0FD-4AFC-ACBE-28A096C8DAC9}.Release|Any CPU.ActiveCfg = Release|Any CPU
		{FC288EED-A0FD-4AFC-ACBE-28A096C8DAC9}.Release|Any CPU.Build.0 = Release|Any CPU
	EndGlobalSection
	GlobalSection(SolutionProperties) = preSolution
		HideSolutionNode = FALSE
	EndGlobalSection
	GlobalSection(ExtensibilityGlobals) = postSolution
		SolutionGuid = {0344BF1B-00AD-40B1-9247-95F0F1241D3F}
	EndGlobalSection
EndGlobal
